
Microsoft Visual Studio Solution File, Format Version 12.00
# Visual Studio Version 16
VisualStudioVersion = 16.0.31424.327
MinimumVisualStudioVersion = 10.0.40219.1
Project("{FAE04EC0-301F-11D3-BF4B-00C04F79EFBC}") = "VisorImagenes", "VisorImagenes.csproj", "{58248B4D-D170-40C3-B99B-96B4898F22C3}"
EndProject
Global
	GlobalSection(SolutionConfigurationPlatforms) = preSolution
		Debug|Any CPU = Debug|Any CPU
		Release|Any CPU = Release|Any CPU
	EndGlobalSection
	GlobalSection(ProjectConfigurationPlatforms) = postSolution
		{58248B4D-D170-40C3-B99B-96B4898F22C3}.Debug|Any CPU.ActiveCfg = Debug|Any CPU
		{58248B4D-D170-40C3-B99B-96B4898F22C3}.Debug|Any CPU.Build.0 = Debug|Any CPU
		{58248B4D-D170-40C3-B99B-96B4898F22C3}.Release|Any CPU.ActiveCfg = Release|Any CPU
		{58248B4D-D170-40C3-B99B-96B4898F22C3}.Release|Any CPU.Build.0 = Release|Any CPU
	EndGlobalSection
	GlobalSection(SolutionProperties) = preSolution
		HideSolutionNode = FALSE
	EndGlobalSection
	GlobalSection(ExtensibilityGlobals) = postSolution
		SolutionGuid = {D9F45CF0-D03F-4D2D-9799-A4C9E1994CD1}
	EndGlobalSection
EndGlobal
